
Microsoft Visual Studio Solution File, Format Version 12.00
# Visual Studio Version 16
VisualStudioVersion = 16.0.808.2
MinimumVisualStudioVersion = 10.0.40219.1
Project("{FAE04EC0-301F-11D3-BF4B-00C04F79EFBC}") = "AgilityFramework.Imap.Scraping.UnionBankPH", "AgilityFramework.Imap.Scraping.UnionBankPH\AgilityFramework.Imap.Scraping.UnionBankPH.csproj", "{C2F09AA4-3F22-495C-AC71-9ECD7F9DB2BB}"
EndProject
Global
	GlobalSection(SolutionConfigurationPlatforms) = preSolution
		Debug|Any CPU = Debug|Any CPU
		Release|Any CPU = Release|Any CPU
	EndGlobalSection
	GlobalSection(ProjectConfigurationPlatforms) = postSolution
		{C2F09AA4-3F22-495C-AC71-9ECD7F9DB2BB}.Debug|Any CPU.ActiveCfg = Debug|Any CPU
		{C2F09AA4-3F22-495C-AC71-9ECD7F9DB2BB}.Debug|Any CPU.Build.0 = Debug|Any CPU
		{C2F09AA4-3F22-495C-AC71-9ECD7F9DB2BB}.Release|Any CPU.ActiveCfg = Release|Any CPU
		{C2F09AA4-3F22-495C-AC71-9ECD7F9DB2BB}.Release|Any CPU.Build.0 = Release|Any CPU
	EndGlobalSection
	GlobalSection(SolutionProperties) = preSolution
		HideSolutionNode = FALSE
	EndGlobalSection
	GlobalSection(ExtensibilityGlobals) = postSolution
		SolutionGuid = {8CF8D200-B062-4169-9AAA-4E2DBE8060F3}
	EndGlobalSection
EndGlobal
